<?xml version="1.0" encoding="utf-8"?>
<Project ToolsVersion="4.0" xmlns="http://schemas.microsoft.com/developer/msbuild/2003">
  <ItemGroup>
    <Filter Include="Source Files">
      <UniqueIdentifier>{aec8dc08-e3fa-46ad-99cc-62bce54b83f0}</UniqueIdentifier>
      <Extensions>cpp;c;cxx;rc;def;r;odl;idl;hpj;bat</Extensions>
    </Filter>
    <Filter Include="Header Files">
      <UniqueIdentifier>{b146ecf8-41bb-4335-9fdb-3d00e2acc368}</UniqueIdentifier>
      <Extensions>h;hpp;hxx;hm;inl</Extensions>
    </Filter>
  </ItemGroup>
  <ItemGroup>
    <ClCompile Include="NGLAnimation.cpp">
      <Filter>Source Files</Filter>
    </ClCompile>
    <ClCompile Include="NGLBrick.cpp">
      <Filter>Source Files</Filter>
    </ClCompile>
    <ClCompile Include="NGLFrame.cpp">
      <Filter>Source Files</Filter>
    </ClCompile>
    <ClCompile Include="NGLImage.cpp">
      <Filter>Source Files</Filter>
    </ClCompile>
    <ClCompile Include="NGLInputManager.cpp">
      <Filter>Source Files</Filter>
    </ClCompile>
    <ClCompile Include="NGLLayer.cpp">
      <Filter>Source Files</Filter>
    </ClCompile>
    <ClCompile Include="NGLMain.cpp">
      <Filter>Source Files</Filter>
    </ClCompile>
    <ClCompile Include="NGLObject.cpp">
      <Filter>Source Files</Filter>
    </ClCompile>
    <ClCompile Include="NGLScene.cpp">
      <Filter>Source Files</Filter>
    </ClCompile>
    <ClCompile Include="NGLSound.cpp">
      <Filter>Source Files</Filter>
    </ClCompile>
    <ClCompile Include="NGLSoundManager.cpp">
      <Filter>Source Files</Filter>
    </ClCompile>
    <ClCompile Include="NGLSprite.cpp">
      <Filter>Source Files</Filter>
    </ClCompile>
    <ClCompile Include="NGLTimeAccumulator.cpp">
      <Filter>Source Files</Filter>
    </ClCompile>
    <ClCompile Include="NGLTimeHandler.cpp">
      <Filter>Source Files</Filter>
    </ClCompile>
    <ClCompile Include="NGLVector.cpp">
      <Filter>Source Files</Filter>
    </ClCompile>
    <ClCompile Include="NGLVideoManager.cpp">
      <Filter>Source Files</Filter>
    </ClCompile>
  </ItemGroup>
  <ItemGroup>
    <ClInclude Include="NGLAnimation.h">
      <Filter>Header Files</Filter>
    </ClInclude>
    <ClInclude Include="NGLBrick.h">
      <Filter>Header Files</Filter>
    </ClInclude>
    <ClInclude Include="NGLFrame.h">
      <Filter>Header Files</Filter>
    </ClInclude>
    <ClInclude Include="NGLImage.h">
      <Filter>Header Files</Filter>
    </ClInclude>
    <ClInclude Include="NGLInputManager.h">
      <Filter>Header Files</Filter>
    </ClInclude>
    <ClInclude Include="NGLLayer.h">
      <Filter>Header Files</Filter>
    </ClInclude>
    <ClInclude Include="NGLMain.h">
      <Filter>Header Files</Filter>
    </ClInclude>
    <ClInclude Include="NGLObject.h">
      <Filter>Header Files</Filter>
    </ClInclude>
    <ClInclude Include="NGLScene.h">
      <Filter>Header Files</Filter>
    </ClInclude>
    <ClInclude Include="NGLSound.h">
      <Filter>Header Files</Filter>
    </ClInclude>
    <ClInclude Include="NGLSoundManager.h">
      <Filter>Header Files</Filter>
    </ClInclude>
    <ClInclude Include="NGLSprite.h">
      <Filter>Header Files</Filter>
    </ClInclude>
    <ClInclude Include="NGLTimeAccumulator.h">
      <Filter>Header Files</Filter>
    </ClInclude>
    <ClInclude Include="NGLTimeHandler.h">
      <Filter>Header Files</Filter>
    </ClInclude>
    <ClInclude Include="NGLVector.h">
      <Filter>Header Files</Filter>
    </ClInclude>
    <ClInclude Include="NGLVideoManager.h">
      <Filter>Header Files</Filter>
    </ClInclude>
    <ClInclude Include="StlFiles.h">
      <Filter>Header Files</Filter>
    </ClInclude>
  </ItemGroup>
</Project>